
Microsoft Visual Studio Solution File, Format Version 12.00
# Visual Studio Version 17
VisualStudioVersion = 17.3.32519.111
MinimumVisualStudioVersion = 10.0.40219.1
Project("{9A19103F-16F7-4668-BE54-9A1E7A4F7556}") = "FileDownloader", "..\FileDownloader.csproj", "{550BF7CB-3A0D-4890-8304-C30FB7644D6E}"
EndProject
Global
	GlobalSection(SolutionConfigurationPlatforms) = preSolution
		Debug|Any CPU = Debug|Any CPU
		Release|Any CPU = Release|Any CPU
	EndGlobalSection
	GlobalSection(ProjectConfigurationPlatforms) = postSolution
		{550BF7CB-3A0D-4890-8304-C30FB7644D6E}.Debug|Any CPU.ActiveCfg = Debug|Any CPU
		{550BF7CB-3A0D-4890-8304-C30FB7644D6E}.Debug|Any CPU.Build.0 = Debug|Any CPU
		{550BF7CB-3A0D-4890-8304-C30FB7644D6E}.Release|Any CPU.ActiveCfg = Release|Any CPU
		{550BF7CB-3A0D-4890-8304-C30FB7644D6E}.Release|Any CPU.Build.0 = Release|Any CPU
	EndGlobalSection
	GlobalSection(SolutionProperties) = preSolution
		HideSolutionNode = FALSE
	EndGlobalSection
	GlobalSection(ExtensibilityGlobals) = postSolution
		SolutionGuid = {EFCA7A62-02C1-48EC-B357-EA9FC25E16C1}
	EndGlobalSection
EndGlobal
